
Microsoft Visual Studio Solution File, Format Version 12.00
Project("{FAE04EC0-301F-11D3-BF4B-00C04F79EFBC}") = "QuizApplication", "QuizApplication\QuizApplication.csproj", "{6CB92C48-D063-43BA-B0CE-D290E409FAB6}"
EndProject
Global
	GlobalSection(SolutionConfigurationPlatforms) = preSolution
		Debug|Any CPU = Debug|Any CPU
		Release|Any CPU = Release|Any CPU
	EndGlobalSection
	GlobalSection(ProjectConfigurationPlatforms) = postSolution
		{6CB92C48-D063-43BA-B0CE-D290E409FAB6}.Debug|Any CPU.ActiveCfg = Debug|Any CPU
		{6CB92C48-D063-43BA-B0CE-D290E409FAB6}.Debug|Any CPU.Build.0 = Debug|Any CPU
		{6CB92C48-D063-43BA-B0CE-D290E409FAB6}.Release|Any CPU.ActiveCfg = Release|Any CPU
		{6CB92C48-D063-43BA-B0CE-D290E409FAB6}.Release|Any CPU.Build.0 = Release|Any CPU
	EndGlobalSection
EndGlobal
